
Microsoft Visual Studio Solution File, Format Version 12.00
# Visual Studio Version 17
VisualStudioVersion = 17.4.33122.133
MinimumVisualStudioVersion = 10.0.40219.1
Project("{FAE04EC0-301F-11D3-BF4B-00C04F79EFBC}") = "CVM.NET.COM", "CVM.NET.COM\CVM.NET.COM.csproj", "{EFB01399-332A-443A-A0F6-D6C5F9895A78}"
EndProject
Global
	GlobalSection(SolutionConfigurationPlatforms) = preSolution
		Debug|Any CPU = Debug|Any CPU
		Release|Any CPU = Release|Any CPU
	EndGlobalSection
	GlobalSection(ProjectConfigurationPlatforms) = postSolution
		{EFB01399-332A-443A-A0F6-D6C5F9895A78}.Debug|Any CPU.ActiveCfg = Debug|Any CPU
		{EFB01399-332A-443A-A0F6-D6C5F9895A78}.Debug|Any CPU.Build.0 = Debug|Any CPU
		{EFB01399-332A-443A-A0F6-D6C5F9895A78}.Release|Any CPU.ActiveCfg = Release|Any CPU
		{EFB01399-332A-443A-A0F6-D6C5F9895A78}.Release|Any CPU.Build.0 = Release|Any CPU
	EndGlobalSection
	GlobalSection(SolutionProperties) = preSolution
		HideSolutionNode = FALSE
	EndGlobalSection
	GlobalSection(ExtensibilityGlobals) = postSolution
		SolutionGuid = {715E7586-D8E1-491C-9E88-912EC4004B87}
	EndGlobalSection
EndGlobal
